
Microsoft Visual Studio Solution File, Format Version 12.00
# Visual Studio Version 17
VisualStudioVersion = 17.10.34607.79
MinimumVisualStudioVersion = 10.0.40219.1
Project("{9A19103F-16F7-4668-BE54-9A1E7A4F7556}") = "SurfaceCode", "SurfaceCode\SurfaceCode.csproj", "{532B36D5-D93D-4E48-AA9E-C30093AFD32E}"
EndProject
Project("{9A19103F-16F7-4668-BE54-9A1E7A4F7556}") = "SurfaceDesktop", "SurfaceDesktop\SurfaceDesktop.csproj", "{EEF3F796-9FC2-4B3C-9629-528B1FEE5C51}"
EndProject
Global
	GlobalSection(SolutionConfigurationPlatforms) = preSolution
		Debug|Any CPU = Debug|Any CPU
		Release|Any CPU = Release|Any CPU
	EndGlobalSection
	GlobalSection(ProjectConfigurationPlatforms) = postSolution
		{532B36D5-D93D-4E48-AA9E-C30093AFD32E}.Debug|Any CPU.ActiveCfg = Debug|Any CPU
		{532B36D5-D93D-4E48-AA9E-C30093AFD32E}.Debug|Any CPU.Build.0 = Debug|Any CPU
		{532B36D5-D93D-4E48-AA9E-C30093AFD32E}.Release|Any CPU.ActiveCfg = Release|Any CPU
		{532B36D5-D93D-4E48-AA9E-C30093AFD32E}.Release|Any CPU.Build.0 = Release|Any CPU
		{EEF3F796-9FC2-4B3C-9629-528B1FEE5C51}.Debug|Any CPU.ActiveCfg = Debug|Any CPU
		{EEF3F796-9FC2-4B3C-9629-528B1FEE5C51}.Debug|Any CPU.Build.0 = Debug|Any CPU
		{EEF3F796-9FC2-4B3C-9629-528B1FEE5C51}.Release|Any CPU.ActiveCfg = Release|Any CPU
		{EEF3F796-9FC2-4B3C-9629-528B1FEE5C51}.Release|Any CPU.Build.0 = Release|Any CPU
	EndGlobalSection
	GlobalSection(SolutionProperties) = preSolution
		HideSolutionNode = FALSE
	EndGlobalSection
	GlobalSection(ExtensibilityGlobals) = postSolution
		SolutionGuid = {6F62480B-5550-4488-A5D4-01E380569C2A}
	EndGlobalSection
EndGlobal
